
Microsoft Visual Studio Solution File, Format Version 12.00
# Visual Studio Version 17
VisualStudioVersion = 17.4.33213.308
MinimumVisualStudioVersion = 10.0.40219.1
Project("{9A19103F-16F7-4668-BE54-9A1E7A4F7556}") = "Chat.Api", "Chat.Api\Server\Chat.Api.csproj", "{F75EECB1-BCBA-4ACE-9421-30FED07D1A8E}"
EndProject
Project("{9A19103F-16F7-4668-BE54-9A1E7A4F7556}") = "Chat.Client", "Chat.Api\Client\Chat.Client.csproj", "{7C3E4164-46B6-48BA-AE92-017361E6924B}"
EndProject
Project("{9A19103F-16F7-4668-BE54-9A1E7A4F7556}") = "DataTransferObject", "DataTransferObject\DataTransferObject.csproj", "{651ACE6C-3D26-40FA-8B0E-F6E182502FD1}"
EndProject
Project("{9A19103F-16F7-4668-BE54-9A1E7A4F7556}") = "DomainData", "DomainData\DomainData.csproj", "{78B9E3D5-FF67-4DDB-B267-ADED7B07DEFF}"
EndProject
Project("{9A19103F-16F7-4668-BE54-9A1E7A4F7556}") = "CommonDomain", "CommonDomain\CommonDomain.csproj", "{68A12E8C-A1A5-46EF-95D9-9973C9346B8F}"
EndProject
Project("{9A19103F-16F7-4668-BE54-9A1E7A4F7556}") = "DataAccess", "DataAccess\DataAccess.csproj", "{E00E8A3E-1162-4A06-AF2F-9F2740F5CDE9}"
EndProject
Project("{9A19103F-16F7-4668-BE54-9A1E7A4F7556}") = "Business", "Business\Business.csproj", "{E75B4FDF-76E5-4F3E-A41B-62ED8992FF31}"
EndProject
Project("{9A19103F-16F7-4668-BE54-9A1E7A4F7556}") = "Infrastructure", "Infrastructure\Infrastructure.csproj", "{932CE19F-CCA0-4E58-8A68-C3C9770702E2}"
EndProject
Project("{FAE04EC0-301F-11D3-BF4B-00C04F79EFBC}") = "CommonShareDomain", "CommonShareDomain\CommonShareDomain.csproj", "{0DFD2023-6914-4278-B06D-BD1F7A38C64D}"
EndProject
Global
	GlobalSection(SolutionConfigurationPlatforms) = preSolution
		Debug|Any CPU = Debug|Any CPU
		Release|Any CPU = Release|Any CPU
	EndGlobalSection
	GlobalSection(ProjectConfigurationPlatforms) = postSolution
		{F75EECB1-BCBA-4ACE-9421-30FED07D1A8E}.Debug|Any CPU.ActiveCfg = Debug|Any CPU
		{F75EECB1-BCBA-4ACE-9421-30FED07D1A8E}.Debug|Any CPU.Build.0 = Debug|Any CPU
		{F75EECB1-BCBA-4ACE-9421-30FED07D1A8E}.Release|Any CPU.ActiveCfg = Release|Any CPU
		{F75EECB1-BCBA-4ACE-9421-30FED07D1A8E}.Release|Any CPU.Build.0 = Release|Any CPU
		{7C3E4164-46B6-48BA-AE92-017361E6924B}.Debug|Any CPU.ActiveCfg = Debug|Any CPU
		{7C3E4164-46B6-48BA-AE92-017361E6924B}.Debug|Any CPU.Build.0 = Debug|Any CPU
		{7C3E4164-46B6-48BA-AE92-017361E6924B}.Release|Any CPU.ActiveCfg = Release|Any CPU
		{7C3E4164-46B6-48BA-AE92-017361E6924B}.Release|Any CPU.Build.0 = Release|Any CPU
		{651ACE6C-3D26-40FA-8B0E-F6E182502FD1}.Debug|Any CPU.ActiveCfg = Debug|Any CPU
		{651ACE6C-3D26-40FA-8B0E-F6E182502FD1}.Debug|Any CPU.Build.0 = Debug|Any CPU
		{651ACE6C-3D26-40FA-8B0E-F6E182502FD1}.Release|Any CPU.ActiveCfg = Release|Any CPU
		{651ACE6C-3D26-40FA-8B0E-F6E182502FD1}.Release|Any CPU.Build.0 = Release|Any CPU
		{78B9E3D5-FF67-4DDB-B267-ADED7B07DEFF}.Debug|Any CPU.ActiveCfg = Debug|Any CPU
		{78B9E3D5-FF67-4DDB-B267-ADED7B07DEFF}.Debug|Any CPU.Build.0 = Debug|Any CPU
		{78B9E3D5-FF67-4DDB-B267-ADED7B07DEFF}.Release|Any CPU.ActiveCfg = Release|Any CPU
		{78B9E3D5-FF67-4DDB-B267-ADED7B07DEFF}.Release|Any CPU.Build.0 = Release|Any CPU
		{68A12E8C-A1A5-46EF-95D9-9973C9346B8F}.Debug|Any CPU.ActiveCfg = Debug|Any CPU
		{68A12E8C-A1A5-46EF-95D9-9973C9346B8F}.Debug|Any CPU.Build.0 = Debug|Any CPU
		{68A12E8C-A1A5-46EF-95D9-9973C9346B8F}.Release|Any CPU.ActiveCfg = Release|Any CPU
		{68A12E8C-A1A5-46EF-95D9-9973C9346B8F}.Release|Any CPU.Build.0 = Release|Any CPU
		{E00E8A3E-1162-4A06-AF2F-9F2740F5CDE9}.Debug|Any CPU.ActiveCfg = Debug|Any CPU
		{E00E8A3E-1162-4A06-AF2F-9F2740F5CDE9}.Debug|Any CPU.Build.0 = Debug|Any CPU
		{E00E8A3E-1162-4A06-AF2F-9F2740F5CDE9}.Release|Any CPU.ActiveCfg = Release|Any CPU
		{E00E8A3E-1162-4A06-AF2F-9F2740F5CDE9}.Release|Any CPU.Build.0 = Release|Any CPU
		{E75B4FDF-76E5-4F3E-A41B-62ED8992FF31}.Debug|Any CPU.ActiveCfg = Debug|Any CPU
		{E75B4FDF-76E5-4F3E-A41B-62ED8992FF31}.Debug|Any CPU.Build.0 = Debug|Any CPU
		{E75B4FDF-76E5-4F3E-A41B-62ED8992FF31}.Release|Any CPU.ActiveCfg = Release|Any CPU
		{E75B4FDF-76E5-4F3E-A41B-62ED8992FF31}.Release|Any CPU.Build.0 = Release|Any CPU
		{932CE19F-CCA0-4E58-8A68-C3C9770702E2}.Debug|Any CPU.ActiveCfg = Debug|Any CPU
		{932CE19F-CCA0-4E58-8A68-C3C9770702E2}.Debug|Any CPU.Build.0 = Debug|Any CPU
		{932CE19F-CCA0-4E58-8A68-C3C9770702E2}.Release|Any CPU.ActiveCfg = Release|Any CPU
		{932CE19F-CCA0-4E58-8A68-C3C9770702E2}.Release|Any CPU.Build.0 = Release|Any CPU
		{0DFD2023-6914-4278-B06D-BD1F7A38C64D}.Debug|Any CPU.ActiveCfg = Debug|Any CPU
		{0DFD2023-6914-4278-B06D-BD1F7A38C64D}.Debug|Any CPU.Build.0 = Debug|Any CPU
		{0DFD2023-6914-4278-B06D-BD1F7A38C64D}.Release|Any CPU.ActiveCfg = Release|Any CPU
		{0DFD2023-6914-4278-B06D-BD1F7A38C64D}.Release|Any CPU.Build.0 = Release|Any CPU
	EndGlobalSection
	GlobalSection(SolutionProperties) = preSolution
		HideSolutionNode = FALSE
	EndGlobalSection
	GlobalSection(ExtensibilityGlobals) = postSolution
		SolutionGuid = {D6F303E5-596A-43E7-A01E-FD63BBF1526D}
	EndGlobalSection
EndGlobal
